
Microsoft Visual Studio Solution File, Format Version 12.00
# Visual Studio Version 16
VisualStudioVersion = 16.0.31702.126
MinimumVisualStudioVersion = 10.0.40219.1
Project("{FAE04EC0-301F-11D3-BF4B-00C04F79EFBC}") = "SolidMakerConverter", "SolidMakerConverter\SolidMakerConverter.csproj", "{0BDA2E7B-0298-4CD7-A8A2-C865FDC8951A}"
EndProject
Project("{2150E333-8FDC-42A3-9474-1A3956D46DE8}") = "CuraFiles", "CuraFiles", "{D47FEF20-026D-4EF5-BAFD-8937A53FA9E0}"
	ProjectSection(SolutionItems) = preProject
		Cura Files\CreateSLMKRThumbnail.py = Cura Files\CreateSLMKRThumbnail.py
		Cura Files\SolidMakerProfile_AmeraLabsTown.3mf = Cura Files\SolidMakerProfile_AmeraLabsTown.3mf
	EndProjectSection
EndProject
Global
	GlobalSection(SolutionConfigurationPlatforms) = preSolution
		Debug|Any CPU = Debug|Any CPU
		Release|Any CPU = Release|Any CPU
	EndGlobalSection
	GlobalSection(ProjectConfigurationPlatforms) = postSolution
		{0BDA2E7B-0298-4CD7-A8A2-C865FDC8951A}.Debug|Any CPU.ActiveCfg = Debug|Any CPU
		{0BDA2E7B-0298-4CD7-A8A2-C865FDC8951A}.Debug|Any CPU.Build.0 = Debug|Any CPU
		{0BDA2E7B-0298-4CD7-A8A2-C865FDC8951A}.Release|Any CPU.ActiveCfg = Release|Any CPU
		{0BDA2E7B-0298-4CD7-A8A2-C865FDC8951A}.Release|Any CPU.Build.0 = Release|Any CPU
	EndGlobalSection
	GlobalSection(SolutionProperties) = preSolution
		HideSolutionNode = FALSE
	EndGlobalSection
	GlobalSection(ExtensibilityGlobals) = postSolution
		SolutionGuid = {BCC33DE5-4490-4256-BD9E-09851D2B397D}
	EndGlobalSection
EndGlobal
